
Microsoft Visual Studio Solution File, Format Version 12.00
# Visual Studio 14
VisualStudioVersion = 14.0.25420.1
MinimumVisualStudioVersion = 10.0.40219.1
Project("{2150E333-8FDC-42A3-9474-1A3956D46DE8}") = "Module_1", "Module_1", "{E2D4E685-B05F-419D-AE20-54A45374FF1F}"
EndProject
Project("{FAE04EC0-301F-11D3-BF4B-00C04F79EFBC}") = "Module_1", "Module_1\Module_1.csproj", "{977FED02-83F7-4AF5-B86E-F2E87B4A5F25}"
EndProject
Project("{2150E333-8FDC-42A3-9474-1A3956D46DE8}") = "Module_2", "Module_2", "{9AF38432-D36A-4E47-9F97-E1186879C382}"
EndProject
Project("{FAE04EC0-301F-11D3-BF4B-00C04F79EFBC}") = "Module_2", "Module_2\Module_2.csproj", "{E3ABD6A6-F1B8-4C35-BDA2-627F11422936}"
EndProject
Project("{2150E333-8FDC-42A3-9474-1A3956D46DE8}") = "Module_3", "Module_3", "{3290363A-07B8-4AB8-ADA4-3760962E1529}"
EndProject
Project("{FAE04EC0-301F-11D3-BF4B-00C04F79EFBC}") = "Module_3", "Module_3\Module_3.csproj", "{B89E82E8-A7F2-4CA0-AAB1-84E8CBA9FB27}"
EndProject
Global
	GlobalSection(SolutionConfigurationPlatforms) = preSolution
		Debug|Any CPU = Debug|Any CPU
		Release|Any CPU = Release|Any CPU
	EndGlobalSection
	GlobalSection(ProjectConfigurationPlatforms) = postSolution
		{977FED02-83F7-4AF5-B86E-F2E87B4A5F25}.Debug|Any CPU.ActiveCfg = Debug|Any CPU
		{977FED02-83F7-4AF5-B86E-F2E87B4A5F25}.Debug|Any CPU.Build.0 = Debug|Any CPU
		{977FED02-83F7-4AF5-B86E-F2E87B4A5F25}.Release|Any CPU.ActiveCfg = Release|Any CPU
		{977FED02-83F7-4AF5-B86E-F2E87B4A5F25}.Release|Any CPU.Build.0 = Release|Any CPU
		{E3ABD6A6-F1B8-4C35-BDA2-627F11422936}.Debug|Any CPU.ActiveCfg = Debug|Any CPU
		{E3ABD6A6-F1B8-4C35-BDA2-627F11422936}.Debug|Any CPU.Build.0 = Debug|Any CPU
		{E3ABD6A6-F1B8-4C35-BDA2-627F11422936}.Release|Any CPU.ActiveCfg = Release|Any CPU
		{E3ABD6A6-F1B8-4C35-BDA2-627F11422936}.Release|Any CPU.Build.0 = Release|Any CPU
		{B89E82E8-A7F2-4CA0-AAB1-84E8CBA9FB27}.Debug|Any CPU.ActiveCfg = Debug|Any CPU
		{B89E82E8-A7F2-4CA0-AAB1-84E8CBA9FB27}.Debug|Any CPU.Build.0 = Debug|Any CPU
		{B89E82E8-A7F2-4CA0-AAB1-84E8CBA9FB27}.Release|Any CPU.ActiveCfg = Release|Any CPU
		{B89E82E8-A7F2-4CA0-AAB1-84E8CBA9FB27}.Release|Any CPU.Build.0 = Release|Any CPU
	EndGlobalSection
	GlobalSection(SolutionProperties) = preSolution
		HideSolutionNode = FALSE
	EndGlobalSection
	GlobalSection(NestedProjects) = preSolution
		{977FED02-83F7-4AF5-B86E-F2E87B4A5F25} = {E2D4E685-B05F-419D-AE20-54A45374FF1F}
		{E3ABD6A6-F1B8-4C35-BDA2-627F11422936} = {9AF38432-D36A-4E47-9F97-E1186879C382}
		{B89E82E8-A7F2-4CA0-AAB1-84E8CBA9FB27} = {3290363A-07B8-4AB8-ADA4-3760962E1529}
	EndGlobalSection
EndGlobal
